
Microsoft Visual Studio Solution File, Format Version 12.00
# Visual Studio Version 17
VisualStudioVersion = 17.2.32630.192
MinimumVisualStudioVersion = 10.0.40219.1
Project("{FAE04EC0-301F-11D3-BF4B-00C04F79EFBC}") = "Simplex", "Simplex\Simplex.csproj", "{C6A3B0B5-CA0F-426B-B26B-8A3DEDB0BFD3}"
EndProject
Global
	GlobalSection(SolutionConfigurationPlatforms) = preSolution
		Debug|Any CPU = Debug|Any CPU
		Release|Any CPU = Release|Any CPU
	EndGlobalSection
	GlobalSection(ProjectConfigurationPlatforms) = postSolution
		{C6A3B0B5-CA0F-426B-B26B-8A3DEDB0BFD3}.Debug|Any CPU.ActiveCfg = Debug|Any CPU
		{C6A3B0B5-CA0F-426B-B26B-8A3DEDB0BFD3}.Debug|Any CPU.Build.0 = Debug|Any CPU
		{C6A3B0B5-CA0F-426B-B26B-8A3DEDB0BFD3}.Release|Any CPU.ActiveCfg = Release|Any CPU
		{C6A3B0B5-CA0F-426B-B26B-8A3DEDB0BFD3}.Release|Any CPU.Build.0 = Release|Any CPU
	EndGlobalSection
	GlobalSection(SolutionProperties) = preSolution
		HideSolutionNode = FALSE
	EndGlobalSection
	GlobalSection(ExtensibilityGlobals) = postSolution
		SolutionGuid = {220FF382-82B4-4230-9881-117F6AB6618A}
	EndGlobalSection
EndGlobal
